
Microsoft Visual Studio Solution File, Format Version 12.00
# Visual Studio Version 17
VisualStudioVersion = 17.7.34024.191
MinimumVisualStudioVersion = 10.0.40219.1
Project("{FAE04EC0-301F-11D3-BF4B-00C04F79EFBC}") = "SammyFood.Web", "SammyFood.Web\SammyFood.Web.csproj", "{6929915F-C08A-44CD-B1AD-E4686F197D61}"
EndProject
Project("{FAE04EC0-301F-11D3-BF4B-00C04F79EFBC}") = "SammyFood.Data", "SammyFood.Data\SammyFood.Data.csproj", "{4F2F61C2-D9FA-45D6-AD99-6CEF75176116}"
EndProject
Global
	GlobalSection(SolutionConfigurationPlatforms) = preSolution
		Debug|Any CPU = Debug|Any CPU
		Release|Any CPU = Release|Any CPU
	EndGlobalSection
	GlobalSection(ProjectConfigurationPlatforms) = postSolution
		{6929915F-C08A-44CD-B1AD-E4686F197D61}.Debug|Any CPU.ActiveCfg = Debug|Any CPU
		{6929915F-C08A-44CD-B1AD-E4686F197D61}.Debug|Any CPU.Build.0 = Debug|Any CPU
		{6929915F-C08A-44CD-B1AD-E4686F197D61}.Release|Any CPU.ActiveCfg = Release|Any CPU
		{6929915F-C08A-44CD-B1AD-E4686F197D61}.Release|Any CPU.Build.0 = Release|Any CPU
		{4F2F61C2-D9FA-45D6-AD99-6CEF75176116}.Debug|Any CPU.ActiveCfg = Debug|Any CPU
		{4F2F61C2-D9FA-45D6-AD99-6CEF75176116}.Debug|Any CPU.Build.0 = Debug|Any CPU
		{4F2F61C2-D9FA-45D6-AD99-6CEF75176116}.Release|Any CPU.ActiveCfg = Release|Any CPU
		{4F2F61C2-D9FA-45D6-AD99-6CEF75176116}.Release|Any CPU.Build.0 = Release|Any CPU
	EndGlobalSection
	GlobalSection(SolutionProperties) = preSolution
		HideSolutionNode = FALSE
	EndGlobalSection
	GlobalSection(ExtensibilityGlobals) = postSolution
		SolutionGuid = {613F9209-FFB8-4BE3-AE66-A114C16D75BD}
	EndGlobalSection
EndGlobal
